// !$*UTF8*$!
{
	archiveVersion = 1;
	classes = {
	};
	objectVersion = 46;
	objects = {

/* Begin PBXBuildFile section */
		6D03850D1E45175D000F6B4F /* CatViewController.swift in Sources */ = {isa = PBXBuildFile; fileRef = 6D03850C1E45175D000F6B4F /* CatViewController.swift */; };
		6D03850F1E45E966000F6B4F /* MovieCollectionViewCell.swift in Sources */ = {isa = PBXBuildFile; fileRef = 6D03850E1E45E966000F6B4F /* MovieCollectionViewCell.swift */; };
		6D0385111E466A75000F6B4F /* DetailViewController.swift in Sources */ = {isa = PBXBuildFile; fileRef = 6D0385101E466A75000F6B4F /* DetailViewController.swift */; };
		6D0385131E473198000F6B4F /* BaseViewController.swift in Sources */ = {isa = PBXBuildFile; fileRef = 6D0385121E473198000F6B4F /* BaseViewController.swift */; };
		6D0385171E473636000F6B4F /* cat.png in Resources */ = {isa = PBXBuildFile; fileRef = 6D0385151E473636000F6B4F /* cat.png */; };
		6D0385181E473636000F6B4F /* placeholder_cat.jpg in Resources */ = {isa = PBXBuildFile; fileRef = 6D0385161E473636000F6B4F /* placeholder_cat.jpg */; };
		6D03851A1E473F9A000F6B4F /* DetailMovieTableViewCell.swift in Sources */ = {isa = PBXBuildFile; fileRef = 6D0385191E473F9A000F6B4F /* DetailMovieTableViewCell.swift */; };
		BF8B3DAE1E42583B00BBE6BD /* APITest.swift in Sources */ = {isa = PBXBuildFile; fileRef = BF8B3DAD1E42583B00BBE6BD /* APITest.swift */; };
		BF9D39231E41194700924711 /* AppDelegate.swift in Sources */ = {isa = PBXBuildFile; fileRef = BF9D39221E41194700924711 /* AppDelegate.swift */; };
		BF9D39251E41194700924711 /* MovieViewController.swift in Sources */ = {isa = PBXBuildFile; fileRef = BF9D39241E41194700924711 /* MovieViewController.swift */; };
		BF9D39281E41194700924711 /* Main.storyboard in Resources */ = {isa = PBXBuildFile; fileRef = BF9D39261E41194700924711 /* Main.storyboard */; };
		BF9D392A1E41194700924711 /* Assets.xcassets in Resources */ = {isa = PBXBuildFile; fileRef = BF9D39291E41194700924711 /* Assets.xcassets */; };
		BF9D392D1E41194700924711 /* LaunchScreen.storyboard in Resources */ = {isa = PBXBuildFile; fileRef = BF9D392B1E41194700924711 /* LaunchScreen.storyboard */; };
		BF9D39381E41194800924711 /* MovieKittenTests.swift in Sources */ = {isa = PBXBuildFile; fileRef = BF9D39371E41194800924711 /* MovieKittenTests.swift */; };
		BF9D39431E411C6400924711 /* APIWrapper.swift in Sources */ = {isa = PBXBuildFile; fileRef = BF9D39421E411C6400924711 /* APIWrapper.swift */; };
/* End PBXBuildFile section */

/* Begin PBXContainerItemProxy section */
		BF9D39341E41194800924711 /* PBXContainerItemProxy */ = {
			isa = PBXContainerItemProxy;
			containerPortal = BF9D39171E41194600924711 /* Project object */;
			proxyType = 1;
			remoteGlobalIDString = BF9D391E1E41194600924711;
			remoteInfo = MovieKitten;
		};
/* End PBXContainerItemProxy section */

/* Begin PBXFileReference section */
		6D03850C1E45175D000F6B4F /* CatViewController.swift */ = {isa = PBXFileReference; fileEncoding = 4; lastKnownFileType = sourcecode.swift; path = CatViewController.swift; sourceTree = "<group>"; };
		6D03850E1E45E966000F6B4F /* MovieCollectionViewCell.swift */ = {isa = PBXFileReference; fileEncoding = 4; lastKnownFileType = sourcecode.swift; path = MovieCollectionViewCell.swift; sourceTree = "<group>"; };
		6D0385101E466A75000F6B4F /* DetailViewController.swift */ = {isa = PBXFileReference; fileEncoding = 4; lastKnownFileType = sourcecode.swift; path = DetailViewController.swift; sourceTree = "<group>"; };
		6D0385121E473198000F6B4F /* BaseViewController.swift */ = {isa = PBXFileReference; fileEncoding = 4; lastKnownFileType = sourcecode.swift; path = BaseViewController.swift; sourceTree = "<group>"; };
		6D0385151E473636000F6B4F /* cat.png */ = {isa = PBXFileReference; lastKnownFileType = image.png; path = cat.png; sourceTree = "<group>"; };
		6D0385161E473636000F6B4F /* placeholder_cat.jpg */ = {isa = PBXFileReference; lastKnownFileType = image.jpeg; path = placeholder_cat.jpg; sourceTree = "<group>"; };
		6D0385191E473F9A000F6B4F /* DetailMovieTableViewCell.swift */ = {isa = PBXFileReference; fileEncoding = 4; lastKnownFileType = sourcecode.swift; path = DetailMovieTableViewCell.swift; sourceTree = "<group>"; };
		BF8B3DAD1E42583B00BBE6BD /* APITest.swift */ = {isa = PBXFileReference; fileEncoding = 4; lastKnownFileType = sourcecode.swift; path = APITest.swift; sourceTree = "<group>"; };
		BF9D391F1E41194700924711 /* MovieKitten.app */ = {isa = PBXFileReference; explicitFileType = wrapper.application; includeInIndex = 0; path = MovieKitten.app; sourceTree = BUILT_PRODUCTS_DIR; };
		BF9D39221E41194700924711 /* AppDelegate.swift */ = {isa = PBXFileReference; lastKnownFileType = sourcecode.swift; path = AppDelegate.swift; sourceTree = "<group>"; };
		BF9D39241E41194700924711 /* MovieViewController.swift */ = {isa = PBXFileReference; lastKnownFileType = sourcecode.swift; path = MovieViewController.swift; sourceTree = "<group>"; };
		BF9D39271E41194700924711 /* Base */ = {isa = PBXFileReference; lastKnownFileType = file.storyboard; name = Base; path = Base.lproj/Main.storyboard; sourceTree = "<group>"; };
		BF9D39291E41194700924711 /* Assets.xcassets */ = {isa = PBXFileReference; lastKnownFileType = folder.assetcatalog; path = Assets.xcassets; sourceTree = "<group>"; };
		BF9D392C1E41194700924711 /* Base */ = {isa = PBXFileReference; lastKnownFileType = file.storyboard; name = Base; path = Base.lproj/LaunchScreen.storyboard; sourceTree = "<group>"; };
		BF9D392E1E41194700924711 /* Info.plist */ = {isa = PBXFileReference; lastKnownFileType = text.plist.xml; path = Info.plist; sourceTree = "<group>"; };
		BF9D39331E41194800924711 /* MovieKittenTests.xctest */ = {isa = PBXFileReference; explicitFileType = wrapper.cfbundle; includeInIndex = 0; path = MovieKittenTests.xctest; sourceTree = BUILT_PRODUCTS_DIR; };
		BF9D39371E41194800924711 /* MovieKittenTests.swift */ = {isa = PBXFileReference; lastKnownFileType = sourcecode.swift; path = MovieKittenTests.swift; sourceTree = "<group>"; };
		BF9D39391E41194800924711 /* Info.plist */ = {isa = PBXFileReference; lastKnownFileType = text.plist.xml; path = Info.plist; sourceTree = "<group>"; };
		BF9D39421E411C6400924711 /* APIWrapper.swift */ = {isa = PBXFileReference; fileEncoding = 4; lastKnownFileType = sourcecode.swift; path = APIWrapper.swift; sourceTree = "<group>"; };
/* End PBXFileReference section */

/* Begin PBXFrameworksBuildPhase section */
		BF9D391C1E41194600924711 /* Frameworks */ = {
			isa = PBXFrameworksBuildPhase;
			buildActionMask = 2147483647;
			files = (
			);
			runOnlyForDeploymentPostprocessing = 0;
		};
		BF9D39301E41194800924711 /* Frameworks */ = {
			isa = PBXFrameworksBuildPhase;
			buildActionMask = 2147483647;
			files = (
			);
			runOnlyForDeploymentPostprocessing = 0;
		};
/* End PBXFrameworksBuildPhase section */

/* Begin PBXGroup section */
		6D0385141E473636000F6B4F /* resources */ = {
			isa = PBXGroup;
			children = (
				6D0385151E473636000F6B4F /* cat.png */,
				6D0385161E473636000F6B4F /* placeholder_cat.jpg */,
			);
			path = resources;
			sourceTree = "<group>";
		};
		BF9D39161E41194600924711 = {
			isa = PBXGroup;
			children = (
				BF9D39211E41194700924711 /* MovieKitten */,
				BF9D39361E41194800924711 /* MovieKittenTests */,
				BF9D39201E41194700924711 /* Products */,
			);
			sourceTree = "<group>";
		};
		BF9D39201E41194700924711 /* Products */ = {
			isa = PBXGroup;
			children = (
				BF9D391F1E41194700924711 /* MovieKitten.app */,
				BF9D39331E41194800924711 /* MovieKittenTests.xctest */,
			);
			name = Products;
			sourceTree = "<group>";
		};
		BF9D39211E41194700924711 /* MovieKitten */ = {
			isa = PBXGroup;
			children = (
				BF9D39221E41194700924711 /* AppDelegate.swift */,
				6D0385121E473198000F6B4F /* BaseViewController.swift */,
				6D03850C1E45175D000F6B4F /* CatViewController.swift */,
				BF9D39241E41194700924711 /* MovieViewController.swift */,
				6D03850E1E45E966000F6B4F /* MovieCollectionViewCell.swift */,
				6D0385101E466A75000F6B4F /* DetailViewController.swift */,
				6D0385191E473F9A000F6B4F /* DetailMovieTableViewCell.swift */,
				BF9D39421E411C6400924711 /* APIWrapper.swift */,
				BF9D39261E41194700924711 /* Main.storyboard */,
				BF9D39291E41194700924711 /* Assets.xcassets */,
				BF9D392B1E41194700924711 /* LaunchScreen.storyboard */,
				BF9D392E1E41194700924711 /* Info.plist */,
				6D0385141E473636000F6B4F /* resources */,
			);
			path = MovieKitten;
			sourceTree = "<group>";
		};
		BF9D39361E41194800924711 /* MovieKittenTests */ = {
			isa = PBXGroup;
			children = (
				BF9D39371E41194800924711 /* MovieKittenTests.swift */,
				BF9D39391E41194800924711 /* Info.plist */,
				BF8B3DAD1E42583B00BBE6BD /* APITest.swift */,
			);
			path = MovieKittenTests;
			sourceTree = "<group>";
		};
/* End PBXGroup section */

/* Begin PBXNativeTarget section */
		BF9D391E1E41194600924711 /* MovieKitten */ = {
			isa = PBXNativeTarget;
			buildConfigurationList = BF9D393C1E41194800924711 /* Build configuration list for PBXNativeTarget "MovieKitten" */;
			buildPhases = (
				BF9D391B1E41194600924711 /* Sources */,
				BF9D391C1E41194600924711 /* Frameworks */,
				BF9D391D1E41194600924711 /* Resources */,
			);
			buildRules = (
			);
			dependencies = (
			);
			name = MovieKitten;
			productName = MovieKitten;
			productReference = BF9D391F1E41194700924711 /* MovieKitten.app */;
			productType = "com.apple.product-type.application";
		};
		BF9D39321E41194800924711 /* MovieKittenTests */ = {
			isa = PBXNativeTarget;
			buildConfigurationList = BF9D393F1E41194800924711 /* Build configuration list for PBXNativeTarget "MovieKittenTests" */;
			buildPhases = (
				BF9D392F1E41194800924711 /* Sources */,
				BF9D39301E41194800924711 /* Frameworks */,
				BF9D39311E41194800924711 /* Resources */,
			);
			buildRules = (
			);
			dependencies = (
				BF9D39351E41194800924711 /* PBXTargetDependency */,
			);
			name = MovieKittenTests;
			productName = MovieKittenTests;
			productReference = BF9D39331E41194800924711 /* MovieKittenTests.xctest */;
			productType = "com.apple.product-type.bundle.unit-test";
		};
/* End PBXNativeTarget section */

/* Begin PBXProject section */
		BF9D39171E41194600924711 /* Project object */ = {
			isa = PBXProject;
			attributes = {
				LastSwiftUpdateCheck = 0820;
				LastUpgradeCheck = 0820;
				ORGANIZATIONNAME = "Binghui Liu";
				TargetAttributes = {
					BF9D391E1E41194600924711 = {
						CreatedOnToolsVersion = 8.2.1;
						ProvisioningStyle = Automatic;
					};
					BF9D39321E41194800924711 = {
						CreatedOnToolsVersion = 8.2.1;
						ProvisioningStyle = Automatic;
						TestTargetID = BF9D391E1E41194600924711;
					};
				};
			};
			buildConfigurationList = BF9D391A1E41194600924711 /* Build configuration list for PBXProject "MovieKitten" */;
			compatibilityVersion = "Xcode 3.2";
			developmentRegion = English;
			hasScannedForEncodings = 0;
			knownRegions = (
				en,
				Base,
			);
			mainGroup = BF9D39161E41194600924711;
			productRefGroup = BF9D39201E41194700924711 /* Products */;
			projectDirPath = "";
			projectRoot = "";
			targets = (
				BF9D391E1E41194600924711 /* MovieKitten */,
				BF9D39321E41194800924711 /* MovieKittenTests */,
			);
		};
/* End PBXProject section */

/* Begin PBXResourcesBuildPhase section */
		BF9D391D1E41194600924711 /* Resources */ = {
			isa = PBXResourcesBuildPhase;
			buildActionMask = 2147483647;
			files = (
				BF9D392D1E41194700924711 /* LaunchScreen.storyboard in Resources */,
				BF9D392A1E41194700924711 /* Assets.xcassets in Resources */,
				6D0385171E473636000F6B4F /* cat.png in Resources */,
				6D0385181E473636000F6B4F /* placeholder_cat.jpg in Resources */,
				BF9D39281E41194700924711 /* Main.storyboard in Resources */,
			);
			runOnlyForDeploymentPostprocessing = 0;
		};
		BF9D39311E41194800924711 /* Resources */ = {
			isa = PBXResourcesBuildPhase;
			buildActionMask = 2147483647;
			files = (
			);
			runOnlyForDeploymentPostprocessing = 0;
		};
/* End PBXResourcesBuildPhase section */

/* Begin PBXSourcesBuildPhase section */
		BF9D391B1E41194600924711 /* Sources */ = {
			isa = PBXSourcesBuildPhase;
			buildActionMask = 2147483647;
			files = (
				BF9D39251E41194700924711 /* MovieViewController.swift in Sources */,
				6D03850D1E45175D000F6B4F /* CatViewController.swift in Sources */,
				6D03850F1E45E966000F6B4F /* MovieCollectionViewCell.swift in Sources */,
				6D0385111E466A75000F6B4F /* DetailViewController.swift in Sources */,
				BF9D39431E411C6400924711 /* APIWrapper.swift in Sources */,
				6D0385131E473198000F6B4F /* BaseViewController.swift in Sources */,
				BF9D39231E41194700924711 /* AppDelegate.swift in Sources */,
				6D03851A1E473F9A000F6B4F /* DetailMovieTableViewCell.swift in Sources */,
			);
			runOnlyForDeploymentPostprocessing = 0;
		};
		BF9D392F1E41194800924711 /* Sources */ = {
			isa = PBXSourcesBuildPhase;
			buildActionMask = 2147483647;
			files = (
				BF8B3DAE1E42583B00BBE6BD /* APITest.swift in Sources */,
				BF9D39381E41194800924711 /* MovieKittenTests.swift in Sources */,
			);
			runOnlyForDeploymentPostprocessing = 0;
		};
/* End PBXSourcesBuildPhase section */

/* Begin PBXTargetDependency section */
		BF9D39351E41194800924711 /* PBXTargetDependency */ = {
			isa = PBXTargetDependency;
			target = BF9D391E1E41194600924711 /* MovieKitten */;
			targetProxy = BF9D39341E41194800924711 /* PBXContainerItemProxy */;
		};
/* End PBXTargetDependency section */

/* Begin PBXVariantGroup section */
		BF9D39261E41194700924711 /* Main.storyboard */ = {
			isa = PBXVariantGroup;
			children = (
				BF9D39271E41194700924711 /* Base */,
			);
			name = Main.storyboard;
			sourceTree = "<group>";
		};
		BF9D392B1E41194700924711 /* LaunchScreen.storyboard */ = {
			isa = PBXVariantGroup;
			children = (
				BF9D392C1E41194700924711 /* Base */,
			);
			name = LaunchScreen.storyboard;
			sourceTree = "<group>";
		};
/* End PBXVariantGroup section */

/* Begin XCBuildConfiguration section */
		BF9D393A1E41194800924711 /* Debug */ = {
			isa = XCBuildConfiguration;
			buildSettings = {
				ALWAYS_SEARCH_USER_PATHS = NO;
				CLANG_ANALYZER_NONNULL = YES;
				CLANG_CXX_LANGUAGE_STANDARD = "gnu++0x";
				CLANG_CXX_LIBRARY = "libc++";
				CLANG_ENABLE_MODULES = YES;
				CLANG_ENABLE_OBJC_ARC = YES;
				CLANG_WARN_BOOL_CONVERSION = YES;
				CLANG_WARN_CONSTANT_CONVERSION = YES;
				CLANG_WARN_DIRECT_OBJC_ISA_USAGE = YES_ERROR;
				CLANG_WARN_DOCUMENTATION_COMMENTS = YES;
				CLANG_WARN_EMPTY_BODY = YES;
				CLANG_WARN_ENUM_CONVERSION = YES;
				CLANG_WARN_INFINITE_RECURSION = YES;
				CLANG_WARN_INT_CONVERSION = YES;
				CLANG_WARN_OBJC_ROOT_CLASS = YES_ERROR;
				CLANG_WARN_SUSPICIOUS_MOVE = YES;
				CLANG_WARN_UNREACHABLE_CODE = YES;
				CLANG_WARN__DUPLICATE_METHOD_MATCH = YES;
				"CODE_SIGN_IDENTITY[sdk=iphoneos*]" = "iPhone Developer";
				COPY_PHASE_STRIP = NO;
				DEBUG_INFORMATION_FORMAT = dwarf;
				ENABLE_STRICT_OBJC_MSGSEND = YES;
				ENABLE_TESTABILITY = YES;
				GCC_C_LANGUAGE_STANDARD = gnu99;
				GCC_DYNAMIC_NO_PIC = NO;
				GCC_NO_COMMON_BLOCKS = YES;
				GCC_OPTIMIZATION_LEVEL = 0;
				GCC_PREPROCESSOR_DEFINITIONS = (
					"DEBUG=1",
					"$(inherited)",
				);
				GCC_WARN_64_TO_32_BIT_CONVERSION = YES;
				GCC_WARN_ABOUT_RETURN_TYPE = YES_ERROR;
				GCC_WARN_UNDECLARED_SELECTOR = YES;
				GCC_WARN_UNINITIALIZED_AUTOS = YES_AGGRESSIVE;
				GCC_WARN_UNUSED_FUNCTION = YES;
				GCC_WARN_UNUSED_VARIABLE = YES;
				IPHONEOS_DEPLOYMENT_TARGET = 10.2;
				MTL_ENABLE_DEBUG_INFO = YES;
				ONLY_ACTIVE_ARCH = YES;
				SDKROOT = iphoneos;
				SWIFT_ACTIVE_COMPILATION_CONDITIONS = DEBUG;
				SWIFT_OPTIMIZATION_LEVEL = "-Onone";
			};
			name = Debug;
		};
		BF9D393B1E41194800924711 /* Release */ = {
			isa = XCBuildConfiguration;
			buildSettings = {
				ALWAYS_SEARCH_USER_PATHS = NO;
				CLANG_ANALYZER_NONNULL = YES;
				CLANG_CXX_LANGUAGE_STANDARD = "gnu++0x";
				CLANG_CXX_LIBRARY = "libc++";
				CLANG_ENABLE_MODULES = YES;
				CLANG_ENABLE_OBJC_ARC = YES;
				CLANG_WARN_BOOL_CONVERSION = YES;
				CLANG_WARN_CONSTANT_CONVERSION = YES;
				CLANG_WARN_DIRECT_OBJC_ISA_USAGE = YES_ERROR;
				CLANG_WARN_DOCUMENTATION_COMMENTS = YES;
				CLANG_WARN_EMPTY_BODY = YES;
				CLANG_WARN_ENUM_CONVERSION = YES;
				CLANG_WARN_INFINITE_RECURSION = YES;
				CLANG_WARN_INT_CONVERSION = YES;
				CLANG_WARN_OBJC_ROOT_CLASS = YES_ERROR;
				CLANG_WARN_SUSPICIOUS_MOVE = YES;
				CLANG_WARN_UNREACHABLE_CODE = YES;
				CLANG_WARN__DUPLICATE_METHOD_MATCH = YES;
				"CODE_SIGN_IDENTITY[sdk=iphoneos*]" = "iPhone Developer";
				COPY_PHASE_STRIP = NO;
				DEBUG_INFORMATION_FORMAT = "dwarf-with-dsym";
				ENABLE_NS_ASSERTIONS = NO;
				ENABLE_STRICT_OBJC_MSGSEND = YES;
				GCC_C_LANGUAGE_STANDARD = gnu99;
				GCC_NO_COMMON_BLOCKS = YES;
				GCC_WARN_64_TO_32_BIT_CONVERSION = YES;
				GCC_WARN_ABOUT_RETURN_TYPE = YES_ERROR;
				GCC_WARN_UNDECLARED_SELECTOR = YES;
				GCC_WARN_UNINITIALIZED_AUTOS = YES_AGGRESSIVE;
				GCC_WARN_UNUSED_FUNCTION = YES;
				GCC_WARN_UNUSED_VARIABLE = YES;
				IPHONEOS_DEPLOYMENT_TARGET = 10.2;
				MTL_ENABLE_DEBUG_INFO = NO;
				SDKROOT = iphoneos;
				SWIFT_OPTIMIZATION_LEVEL = "-Owholemodule";
				VALIDATE_PRODUCT = YES;
			};
			name = Release;
		};
		BF9D393D1E41194800924711 /* Debug */ = {
			isa = XCBuildConfiguration;
			buildSettings = {
				ASSETCATALOG_COMPILER_APPICON_NAME = AppIcon;
				INFOPLIST_FILE = MovieKitten/Info.plist;
				LD_RUNPATH_SEARCH_PATHS = "$(inherited) @executable_path/Frameworks";
				PRODUCT_BUNDLE_IDENTIFIER = bhliu.MovieKitten;
				PRODUCT_NAME = "$(TARGET_NAME)";
				SWIFT_VERSION = 3.0;
			};
			name = Debug;
		};
		BF9D393E1E41194800924711 /* Release */ = {
			isa = XCBuildConfiguration;
			buildSettings = {
				ASSETCATALOG_COMPILER_APPICON_NAME = AppIcon;
				INFOPLIST_FILE = MovieKitten/Info.plist;
				LD_RUNPATH_SEARCH_PATHS = "$(inherited) @executable_path/Frameworks";
				PRODUCT_BUNDLE_IDENTIFIER = bhliu.MovieKitten;
				PRODUCT_NAME = "$(TARGET_NAME)";
				SWIFT_VERSION = 3.0;
			};
			name = Release;
		};
		BF9D39401E41194800924711 /* Debug */ = {
			isa = XCBuildConfiguration;
			buildSettings = {
				ALWAYS_EMBED_SWIFT_STANDARD_LIBRARIES = YES;
				BUNDLE_LOADER = "$(TEST_HOST)";
				INFOPLIST_FILE = MovieKittenTests/Info.plist;
				LD_RUNPATH_SEARCH_PATHS = "$(inherited) @executable_path/Frameworks @loader_path/Frameworks";
				PRODUCT_BUNDLE_IDENTIFIER = bhliu.MovieKittenTests;
				PRODUCT_NAME = "$(TARGET_NAME)";
				SWIFT_VERSION = 3.0;
				TEST_HOST = "$(BUILT_PRODUCTS_DIR)/MovieKitten.app/MovieKitten";
			};
			name = Debug;
		};
		BF9D39411E41194800924711 /* Release */ = {
			isa = XCBuildConfiguration;
			buildSettings = {
				ALWAYS_EMBED_SWIFT_STANDARD_LIBRARIES = YES;
				BUNDLE_LOADER = "$(TEST_HOST)";
				INFOPLIST_FILE = MovieKittenTests/Info.plist;
				LD_RUNPATH_SEARCH_PATHS = "$(inherited) @executable_path/Frameworks @loader_path/Frameworks";
				PRODUCT_BUNDLE_IDENTIFIER = bhliu.MovieKittenTests;
				PRODUCT_NAME = "$(TARGET_NAME)";
				SWIFT_VERSION = 3.0;
				TEST_HOST = "$(BUILT_PRODUCTS_DIR)/MovieKitten.app/MovieKitten";
			};
			name = Release;
		};
/* End XCBuildConfiguration section */

/* Begin XCConfigurationList section */
		BF9D391A1E41194600924711 /* Build configuration list for PBXProject "MovieKitten" */ = {
			isa = XCConfigurationList;
			buildConfigurations = (
				BF9D393A1E41194800924711 /* Debug */,
				BF9D393B1E41194800924711 /* Release */,
			);
			defaultConfigurationIsVisible = 0;
			defaultConfigurationName = Release;
		};
		BF9D393C1E41194800924711 /* Build configuration list for PBXNativeTarget "MovieKitten" */ = {
			isa = XCConfigurationList;
			buildConfigurations = (
				BF9D393D1E41194800924711 /* Debug */,
				BF9D393E1E41194800924711 /* Release */,
			);
			defaultConfigurationIsVisible = 0;
			defaultConfigurationName = Release;
		};
		BF9D393F1E41194800924711 /* Build configuration list for PBXNativeTarget "MovieKittenTests" */ = {
			isa = XCConfigurationList;
			buildConfigurations = (
				BF9D39401E41194800924711 /* Debug */,
				BF9D39411E41194800924711 /* Release */,
			);
			defaultConfigurationIsVisible = 0;
			defaultConfigurationName = Release;
		};
/* End XCConfigurationList section */
	};
	rootObject = BF9D39171E41194600924711 /* Project object */;
}
